
Microsoft Visual Studio Solution File, Format Version 12.00
# Visual Studio Version 17
VisualStudioVersion = 17.8.34511.84
MinimumVisualStudioVersion = 10.0.40219.1
Project("{FAE04EC0-301F-11D3-BF4B-00C04F79EFBC}") = "5.Working_with_Strings", "5.Working_with_Strings.csproj", "{9295F0B9-AF19-4B59-A5F1-D003400BA6A9}"
EndProject
Global
	GlobalSection(SolutionConfigurationPlatforms) = preSolution
		Debug|Any CPU = Debug|Any CPU
		Release|Any CPU = Release|Any CPU
	EndGlobalSection
	GlobalSection(ProjectConfigurationPlatforms) = postSolution
		{9295F0B9-AF19-4B59-A5F1-D003400BA6A9}.Debug|Any CPU.ActiveCfg = Debug|Any CPU
		{9295F0B9-AF19-4B59-A5F1-D003400BA6A9}.Debug|Any CPU.Build.0 = Debug|Any CPU
		{9295F0B9-AF19-4B59-A5F1-D003400BA6A9}.Release|Any CPU.ActiveCfg = Release|Any CPU
		{9295F0B9-AF19-4B59-A5F1-D003400BA6A9}.Release|Any CPU.Build.0 = Release|Any CPU
	EndGlobalSection
	GlobalSection(SolutionProperties) = preSolution
		HideSolutionNode = FALSE
	EndGlobalSection
	GlobalSection(ExtensibilityGlobals) = postSolution
		SolutionGuid = {1C43B942-0E9A-41AC-BB9A-B86ECA516C87}
	EndGlobalSection
EndGlobal
